
Microsoft Visual Studio Solution File, Format Version 12.00
# Visual Studio 15
VisualStudioVersion = 15.0.26430.6
MinimumVisualStudioVersion = 10.0.40219.1
Project("{9092AA53-FB77-4645-B42D-1CCCA6BD08BD}") = "Web", "Web\Web.njsproj", "{2DF81032-1B83-49F8-A816-AB3DA8C56D37}"
EndProject
Global
	GlobalSection(SolutionConfigurationPlatforms) = preSolution
		Debug|Android = Debug|Android
		Debug|Any CPU = Debug|Any CPU
		Debug|iOS = Debug|iOS
		Debug|Windows-ARM = Debug|Windows-ARM
		Debug|Windows-x64 = Debug|Windows-x64
		Debug|Windows-x86 = Debug|Windows-x86
		Release|Android = Release|Android
		Release|Any CPU = Release|Any CPU
		Release|iOS = Release|iOS
		Release|Windows-ARM = Release|Windows-ARM
		Release|Windows-x64 = Release|Windows-x64
		Release|Windows-x86 = Release|Windows-x86
	EndGlobalSection
	GlobalSection(ProjectConfigurationPlatforms) = postSolution
		{2DF81032-1B83-49F8-A816-AB3DA8C56D37}.Debug|Android.ActiveCfg = Debug|Any CPU
		{2DF81032-1B83-49F8-A816-AB3DA8C56D37}.Debug|Android.Build.0 = Debug|Any CPU
		{2DF81032-1B83-49F8-A816-AB3DA8C56D37}.Debug|Any CPU.ActiveCfg = Debug|Any CPU
		{2DF81032-1B83-49F8-A816-AB3DA8C56D37}.Debug|Any CPU.Build.0 = Debug|Any CPU
		{2DF81032-1B83-49F8-A816-AB3DA8C56D37}.Debug|iOS.ActiveCfg = Debug|Any CPU
		{2DF81032-1B83-49F8-A816-AB3DA8C56D37}.Debug|iOS.Build.0 = Debug|Any CPU
		{2DF81032-1B83-49F8-A816-AB3DA8C56D37}.Debug|Windows-ARM.ActiveCfg = Debug|Any CPU
		{2DF81032-1B83-49F8-A816-AB3DA8C56D37}.Debug|Windows-ARM.Build.0 = Debug|Any CPU
		{2DF81032-1B83-49F8-A816-AB3DA8C56D37}.Debug|Windows-x64.ActiveCfg = Debug|Any CPU
		{2DF81032-1B83-49F8-A816-AB3DA8C56D37}.Debug|Windows-x64.Build.0 = Debug|Any CPU
		{2DF81032-1B83-49F8-A816-AB3DA8C56D37}.Debug|Windows-x86.ActiveCfg = Debug|Any CPU
		{2DF81032-1B83-49F8-A816-AB3DA8C56D37}.Debug|Windows-x86.Build.0 = Debug|Any CPU
		{2DF81032-1B83-49F8-A816-AB3DA8C56D37}.Release|Android.ActiveCfg = Release|Any CPU
		{2DF81032-1B83-49F8-A816-AB3DA8C56D37}.Release|Android.Build.0 = Release|Any CPU
		{2DF81032-1B83-49F8-A816-AB3DA8C56D37}.Release|Any CPU.ActiveCfg = Release|Any CPU
		{2DF81032-1B83-49F8-A816-AB3DA8C56D37}.Release|Any CPU.Build.0 = Release|Any CPU
		{2DF81032-1B83-49F8-A816-AB3DA8C56D37}.Release|iOS.ActiveCfg = Release|Any CPU
		{2DF81032-1B83-49F8-A816-AB3DA8C56D37}.Release|iOS.Build.0 = Release|Any CPU
		{2DF81032-1B83-49F8-A816-AB3DA8C56D37}.Release|Windows-ARM.ActiveCfg = Release|Any CPU
		{2DF81032-1B83-49F8-A816-AB3DA8C56D37}.Release|Windows-ARM.Build.0 = Release|Any CPU
		{2DF81032-1B83-49F8-A816-AB3DA8C56D37}.Release|Windows-x64.ActiveCfg = Release|Any CPU
		{2DF81032-1B83-49F8-A816-AB3DA8C56D37}.Release|Windows-x64.Build.0 = Release|Any CPU
		{2DF81032-1B83-49F8-A816-AB3DA8C56D37}.Release|Windows-x86.ActiveCfg = Release|Any CPU
		{2DF81032-1B83-49F8-A816-AB3DA8C56D37}.Release|Windows-x86.Build.0 = Release|Any CPU
	EndGlobalSection
	GlobalSection(SolutionProperties) = preSolution
		HideSolutionNode = FALSE
	EndGlobalSection
EndGlobal
